
Microsoft Visual Studio Solution File, Format Version 12.00
# Visual Studio Version 17
VisualStudioVersion = 17.7.34031.279
MinimumVisualStudioVersion = 10.0.40219.1
Project("{9A19103F-16F7-4668-BE54-9A1E7A4F7556}") = "Tester", "Tester\Tester.csproj", "{519B8714-6EDB-4DB8-9405-20A3784347F7}"
EndProject
Project("{FAE04EC0-301F-11D3-BF4B-00C04F79EFBC}") = "Onyx", "Onyx\Onyx.csproj", "{A0A3B644-2719-4AC6-AF0A-20DF053DF4D4}"
EndProject
Global
	GlobalSection(SolutionConfigurationPlatforms) = preSolution
		Debug|Any CPU = Debug|Any CPU
		Release|Any CPU = Release|Any CPU
	EndGlobalSection
	GlobalSection(ProjectConfigurationPlatforms) = postSolution
		{519B8714-6EDB-4DB8-9405-20A3784347F7}.Debug|Any CPU.ActiveCfg = Debug|Any CPU
		{519B8714-6EDB-4DB8-9405-20A3784347F7}.Debug|Any CPU.Build.0 = Debug|Any CPU
		{519B8714-6EDB-4DB8-9405-20A3784347F7}.Release|Any CPU.ActiveCfg = Release|Any CPU
		{519B8714-6EDB-4DB8-9405-20A3784347F7}.Release|Any CPU.Build.0 = Release|Any CPU
		{A0A3B644-2719-4AC6-AF0A-20DF053DF4D4}.Debug|Any CPU.ActiveCfg = Debug|Any CPU
		{A0A3B644-2719-4AC6-AF0A-20DF053DF4D4}.Debug|Any CPU.Build.0 = Debug|Any CPU
		{A0A3B644-2719-4AC6-AF0A-20DF053DF4D4}.Release|Any CPU.ActiveCfg = Release|Any CPU
		{A0A3B644-2719-4AC6-AF0A-20DF053DF4D4}.Release|Any CPU.Build.0 = Release|Any CPU
	EndGlobalSection
	GlobalSection(SolutionProperties) = preSolution
		HideSolutionNode = FALSE
	EndGlobalSection
	GlobalSection(ExtensibilityGlobals) = postSolution
		SolutionGuid = {469BCE65-BC29-4AA7-9F18-762B4F3D2B17}
	EndGlobalSection
EndGlobal
